
Microsoft Visual Studio Solution File, Format Version 12.00
# Visual Studio Version 17
VisualStudioVersion = 17.0.31903.59
MinimumVisualStudioVersion = 10.0.40219.1
Project("{2150E333-8FDC-42A3-9474-1A3956D46DE8}") = "src", "src", "{02EA681E-C7D8-13C7-8484-4AC65E1B71E8}"
EndProject
Project("{2150E333-8FDC-42A3-9474-1A3956D46DE8}") = "tests", "tests", "{AB85DCAC-637E-4FF8-A61F-C04BD8682DFB}"
EndProject
Project("{2150E333-8FDC-42A3-9474-1A3956D46DE8}") = "Api", "Api", "{C07FEFC0-F916-465C-A698-82C625E788FA}"
EndProject
Project("{2150E333-8FDC-42A3-9474-1A3956D46DE8}") = "Core", "Core", "{6B8B75C8-6E38-4530-966A-3D0D76201B7C}"
EndProject
Project("{2150E333-8FDC-42A3-9474-1A3956D46DE8}") = "Infrastructure", "Infrastructure", "{69962C78-4EA7-416C-BFE3-12214A074BDC}"
EndProject
Project("{FAE04EC0-301F-11D3-BF4B-00C04F79EFBC}") = "StoreDemo.Domain", "StoreDemo.Domain\StoreDemo.Domain.csproj", "{5AC21F1F-BADB-40B7-B78F-6C14276FD277}"
EndProject
Project("{FAE04EC0-301F-11D3-BF4B-00C04F79EFBC}") = "StoreDemo.Application", "StoreDemo.Application\StoreDemo.Application.csproj", "{BA9C0629-7A3F-4A5D-985D-7A7082607023}"
EndProject
Project("{FAE04EC0-301F-11D3-BF4B-00C04F79EFBC}") = "StoreDemo.Api", "StoreDemo.Api\StoreDemo.Api.csproj", "{55789F55-1837-4287-962A-962D73276E61}"
EndProject
Project("{FAE04EC0-301F-11D3-BF4B-00C04F79EFBC}") = "StoreDemo.Persistence", "StoreDemo.Persistence\StoreDemo.Persistence.csproj", "{06AA3D69-329E-4C8D-B772-680D37E97F4D}"
EndProject
Project("{FAE04EC0-301F-11D3-BF4B-00C04F79EFBC}") = "StoreDemo.Identity", "StoreDemo.Identity\StoreDemo.Identity.csproj", "{46144716-23ED-4E30-9A30-161F9F18C1AD}"
EndProject
Project("{2150E333-8FDC-42A3-9474-1A3956D46DE8}") = "UI", "UI", "{B8E6B000-1D97-4D4E-93D9-3B83BA509549}"
EndProject
Project("{FAE04EC0-301F-11D3-BF4B-00C04F79EFBC}") = "StoreDemo.App", "StoreDemo.App\StoreDemo.App\StoreDemo.App.csproj", "{EFDA03FC-6CF6-473A-9D1F-8F820EFD95DE}"
EndProject
Project("{FAE04EC0-301F-11D3-BF4B-00C04F79EFBC}") = "StoreDemo.App.Client", "StoreDemo.App\StoreDemo.App.Client\StoreDemo.App.Client.csproj", "{3C6CD3E0-07D0-4758-B12B-7B5FA2AFDA3E}"
EndProject
Project("{FAE04EC0-301F-11D3-BF4B-00C04F79EFBC}") = "StoreDemo.Application.UnitTest", "StoreDemo.Application.UnitTest\StoreDemo.Application.UnitTest.csproj", "{EFF6ED14-6273-4DF9-AA8C-ABFD314A5083}"
EndProject
Global
	GlobalSection(SolutionConfigurationPlatforms) = preSolution
		Debug|Any CPU = Debug|Any CPU
		Release|Any CPU = Release|Any CPU
	EndGlobalSection
	GlobalSection(ProjectConfigurationPlatforms) = postSolution
		{5AC21F1F-BADB-40B7-B78F-6C14276FD277}.Debug|Any CPU.ActiveCfg = Debug|Any CPU
		{5AC21F1F-BADB-40B7-B78F-6C14276FD277}.Debug|Any CPU.Build.0 = Debug|Any CPU
		{5AC21F1F-BADB-40B7-B78F-6C14276FD277}.Release|Any CPU.ActiveCfg = Release|Any CPU
		{5AC21F1F-BADB-40B7-B78F-6C14276FD277}.Release|Any CPU.Build.0 = Release|Any CPU
		{BA9C0629-7A3F-4A5D-985D-7A7082607023}.Debug|Any CPU.ActiveCfg = Debug|Any CPU
		{BA9C0629-7A3F-4A5D-985D-7A7082607023}.Debug|Any CPU.Build.0 = Debug|Any CPU
		{BA9C0629-7A3F-4A5D-985D-7A7082607023}.Release|Any CPU.ActiveCfg = Release|Any CPU
		{BA9C0629-7A3F-4A5D-985D-7A7082607023}.Release|Any CPU.Build.0 = Release|Any CPU
		{55789F55-1837-4287-962A-962D73276E61}.Debug|Any CPU.ActiveCfg = Debug|Any CPU
		{55789F55-1837-4287-962A-962D73276E61}.Debug|Any CPU.Build.0 = Debug|Any CPU
		{55789F55-1837-4287-962A-962D73276E61}.Release|Any CPU.ActiveCfg = Release|Any CPU
		{55789F55-1837-4287-962A-962D73276E61}.Release|Any CPU.Build.0 = Release|Any CPU
		{06AA3D69-329E-4C8D-B772-680D37E97F4D}.Debug|Any CPU.ActiveCfg = Debug|Any CPU
		{06AA3D69-329E-4C8D-B772-680D37E97F4D}.Debug|Any CPU.Build.0 = Debug|Any CPU
		{06AA3D69-329E-4C8D-B772-680D37E97F4D}.Release|Any CPU.ActiveCfg = Release|Any CPU
		{06AA3D69-329E-4C8D-B772-680D37E97F4D}.Release|Any CPU.Build.0 = Release|Any CPU
		{46144716-23ED-4E30-9A30-161F9F18C1AD}.Debug|Any CPU.ActiveCfg = Debug|Any CPU
		{46144716-23ED-4E30-9A30-161F9F18C1AD}.Debug|Any CPU.Build.0 = Debug|Any CPU
		{46144716-23ED-4E30-9A30-161F9F18C1AD}.Release|Any CPU.ActiveCfg = Release|Any CPU
		{46144716-23ED-4E30-9A30-161F9F18C1AD}.Release|Any CPU.Build.0 = Release|Any CPU
		{EFDA03FC-6CF6-473A-9D1F-8F820EFD95DE}.Debug|Any CPU.ActiveCfg = Debug|Any CPU
		{EFDA03FC-6CF6-473A-9D1F-8F820EFD95DE}.Debug|Any CPU.Build.0 = Debug|Any CPU
		{EFDA03FC-6CF6-473A-9D1F-8F820EFD95DE}.Release|Any CPU.ActiveCfg = Release|Any CPU
		{EFDA03FC-6CF6-473A-9D1F-8F820EFD95DE}.Release|Any CPU.Build.0 = Release|Any CPU
		{3C6CD3E0-07D0-4758-B12B-7B5FA2AFDA3E}.Debug|Any CPU.ActiveCfg = Debug|Any CPU
		{3C6CD3E0-07D0-4758-B12B-7B5FA2AFDA3E}.Debug|Any CPU.Build.0 = Debug|Any CPU
		{3C6CD3E0-07D0-4758-B12B-7B5FA2AFDA3E}.Release|Any CPU.ActiveCfg = Release|Any CPU
		{3C6CD3E0-07D0-4758-B12B-7B5FA2AFDA3E}.Release|Any CPU.Build.0 = Release|Any CPU
		{EFF6ED14-6273-4DF9-AA8C-ABFD314A5083}.Debug|Any CPU.ActiveCfg = Debug|Any CPU
		{EFF6ED14-6273-4DF9-AA8C-ABFD314A5083}.Debug|Any CPU.Build.0 = Debug|Any CPU
		{EFF6ED14-6273-4DF9-AA8C-ABFD314A5083}.Release|Any CPU.ActiveCfg = Release|Any CPU
		{EFF6ED14-6273-4DF9-AA8C-ABFD314A5083}.Release|Any CPU.Build.0 = Release|Any CPU
	EndGlobalSection
	GlobalSection(SolutionProperties) = preSolution
		HideSolutionNode = FALSE
	EndGlobalSection
	GlobalSection(NestedProjects) = preSolution
		{C07FEFC0-F916-465C-A698-82C625E788FA} = {02EA681E-C7D8-13C7-8484-4AC65E1B71E8}
		{6B8B75C8-6E38-4530-966A-3D0D76201B7C} = {02EA681E-C7D8-13C7-8484-4AC65E1B71E8}
		{69962C78-4EA7-416C-BFE3-12214A074BDC} = {02EA681E-C7D8-13C7-8484-4AC65E1B71E8}
		{5AC21F1F-BADB-40B7-B78F-6C14276FD277} = {6B8B75C8-6E38-4530-966A-3D0D76201B7C}
		{BA9C0629-7A3F-4A5D-985D-7A7082607023} = {6B8B75C8-6E38-4530-966A-3D0D76201B7C}
		{55789F55-1837-4287-962A-962D73276E61} = {C07FEFC0-F916-465C-A698-82C625E788FA}
		{06AA3D69-329E-4C8D-B772-680D37E97F4D} = {69962C78-4EA7-416C-BFE3-12214A074BDC}
		{46144716-23ED-4E30-9A30-161F9F18C1AD} = {69962C78-4EA7-416C-BFE3-12214A074BDC}
		{B8E6B000-1D97-4D4E-93D9-3B83BA509549} = {02EA681E-C7D8-13C7-8484-4AC65E1B71E8}
		{EFDA03FC-6CF6-473A-9D1F-8F820EFD95DE} = {B8E6B000-1D97-4D4E-93D9-3B83BA509549}
		{3C6CD3E0-07D0-4758-B12B-7B5FA2AFDA3E} = {B8E6B000-1D97-4D4E-93D9-3B83BA509549}
		{EFF6ED14-6273-4DF9-AA8C-ABFD314A5083} = {AB85DCAC-637E-4FF8-A61F-C04BD8682DFB}
	EndGlobalSection
	GlobalSection(ExtensibilityGlobals) = postSolution
		SolutionGuid = {897AE47E-C38F-4747-85A0-32491F327804}
	EndGlobalSection
EndGlobal
